{
  "nodes": {
    "common": {
      "inputs": {
        "nixpkgs": [
          "nixpkgs"
        ]
      },
      "locked": {
        "lastModified": 1,
        "narHash": "sha256-89gv1qq9TJK5Bf40M1lROx2D4TVZgdhwOZcl6XbuAPM=",
        "path": "/nix/store/bcl0yyg91a5ikrg9hr0881183limr3xy-source/common",
        "type": "path"
      },
      "original": {
        "path": "/nix/store/bcl0yyg91a5ikrg9hr0881183limr3xy-source/common",
        "type": "path"
      }
    },
    "nixpkgs": {
      "locked": {
        "lastModified": 1702312524,
        "narHash": "sha256-gkZJRDBUCpTPBvQk25G0B7vfbpEYM5s5OZqghkjZsnE=",
        "owner": "NixOS",
        "repo": "nixpkgs",
        "rev": "a9bf124c46ef298113270b1f84a164865987a91c",
        "type": "github"
      },
      "original": {
        "owner": "NixOS",
        "ref": "nixos-unstable",
        "repo": "nixpkgs",
        "type": "github"
      }
    },
    "root": {
      "inputs": {
        "common": "common",
        "nixpkgs": "nixpkgs"
      }
    }
  },
  "root": "root",
  "version": 7
}
