{
  "nodes": {
    "common": {
      "inputs": {
        "nixpkgs": [
          "nixpkgs"
        ]
      },
      "locked": {
        "lastModified": 1,
        "narHash": "sha256-89gv1qq9TJK5Bf40M1lROx2D4TVZgdhwOZcl6XbuAPM=",
        "path": "/nix/store/52xqcviyyl7ggzp67c6wlywsap17h0w3-source/common",
        "type": "path"
      },
      "original": {
        "path": "/nix/store/52xqcviyyl7ggzp67c6wlywsap17h0w3-source/common",
        "type": "path"
      }
    },
    "nixpkgs": {
      "locked": {
        "lastModified": 1698318101,
        "narHash": "sha256-gUihHt3yPD7bVqg+k/UVHgngyaJ3DMEBchbymBMvK1E=",
        "owner": "NixOS",
        "repo": "nixpkgs",
        "rev": "63678e9f3d3afecfeafa0acead6239cdb447574c",
        "type": "github"
      },
      "original": {
        "owner": "NixOS",
        "ref": "nixos-unstable",
        "repo": "nixpkgs",
        "type": "github"
      }
    },
    "root": {
      "inputs": {
        "common": "common",
        "nixpkgs": "nixpkgs"
      }
    }
  },
  "root": "root",
  "version": 7
}
