{
  "nodes": {
    "home-manager": {
      "inputs": {
        "nixpkgs": [
          "nixpkgs"
        ]
      },
      "locked": {
        "lastModified": 1684157850,
        "narHash": "sha256-xGHTCgvAxO5CgAL6IAgE/VGRX2wob2Y+DPyqpXJ32oQ=",
        "owner": "nix-community",
        "repo": "home-manager",
        "rev": "c0deab0effd576e70343cb5df0c64428e0e0d010",
        "type": "github"
      },
      "original": {
        "owner": "nix-community",
        "repo": "home-manager",
        "type": "github"
      }
    },
    "nixpkgs": {
      "locked": {
        "lastModified": 1684249413,
        "narHash": "sha256-LSlCWsBoj5NjvoJneq2vtTdVG2OB9iA9GdloBNKV4xA=",
        "owner": "nixos",
        "repo": "nixpkgs",
        "rev": "4c48406a3f78dfbb885f6a27a63e99870445ff12",
        "type": "github"
      },
      "original": {
        "owner": "nixos",
        "ref": "master",
        "repo": "nixpkgs",
        "type": "github"
      }
    },
    "root": {
      "inputs": {
        "home-manager": "home-manager",
        "nixpkgs": "nixpkgs"
      }
    }
  },
  "root": "root",
  "version": 7
}
